
Microsoft Visual Studio Solution File, Format Version 12.00
# Visual Studio Version 17
VisualStudioVersion = 17.6.33829.357
MinimumVisualStudioVersion = 10.0.40219.1
Project("{9A19103F-16F7-4668-BE54-9A1E7A4F7556}") = "Abstrato", "POOII Aula\Abstrato.csproj", "{2F85369D-457A-412B-8EDA-C7CF228C48A4}"
EndProject
Project("{9A19103F-16F7-4668-BE54-9A1E7A4F7556}") = "Teste", "Teste\Teste.csproj", "{6856857C-39B7-4C60-8FFA-9B87DDEEE962}"
EndProject
Project("{9A19103F-16F7-4668-BE54-9A1E7A4F7556}") = "Interfaces", "Interfaces\Interfaces.csproj", "{117DF7D6-064F-470B-AD59-C761CD66957C}"
EndProject
Project("{9A19103F-16F7-4668-BE54-9A1E7A4F7556}") = "Reflexao", "Reflexao\Reflexao.csproj", "{0BFA90A5-6CE9-4DC6-A50B-061D0BA09FAF}"
EndProject
Project("{9A19103F-16F7-4668-BE54-9A1E7A4F7556}") = "Generico", "Generico\Generico.csproj", "{128457C3-BDB5-4D84-8AC1-4A6D7B5EEA5E}"
EndProject
Project("{9A19103F-16F7-4668-BE54-9A1E7A4F7556}") = "IoCDI", "IoCDI\IoCDI.csproj", "{2F9DDC52-B605-4901-8E1B-530ABCFEB0AA}"
EndProject
Project("{9A19103F-16F7-4668-BE54-9A1E7A4F7556}") = "ExercicioEmpresas", "Exercício_2\ExercicioEmpresas.csproj", "{3424D94A-9CE8-478B-88B8-252ACD0C1664}"
EndProject
Project("{9A19103F-16F7-4668-BE54-9A1E7A4F7556}") = "ExercicioOCP", "ExercicioOCP\ExercicioOCP.csproj", "{A402DCB5-2B44-4770-92C4-CE4A13854B49}"
EndProject
Project("{9A19103F-16F7-4668-BE54-9A1E7A4F7556}") = "ExercicioSRP", "ExercicioSRP\ExercicioSRP.csproj", "{78EBE7BD-9832-4FEB-B198-297357AFA52A}"
EndProject
Project("{9A19103F-16F7-4668-BE54-9A1E7A4F7556}") = "SRP", "SRP\SRP.csproj", "{86E904DB-35F1-4854-9581-C6841C687DEF}"
EndProject
Project("{9A19103F-16F7-4668-BE54-9A1E7A4F7556}") = "OCP", "OCP\OCP.csproj", "{BE8D8338-A4C8-4DE0-B06F-138395ED0FB2}"
EndProject
Project("{9A19103F-16F7-4668-BE54-9A1E7A4F7556}") = "ExercicioOCP2", "ExercicioOCP2\ExercicioOCP2.csproj", "{BBCFE91D-2E5A-46D0-8B92-4A7ACBD8EC45}"
EndProject
Project("{9A19103F-16F7-4668-BE54-9A1E7A4F7556}") = "ExercicioDIP", "ExercicioDIP\ExercicioDIP.csproj", "{D1FBDC47-A654-4C2F-B96B-41B4217501CC}"
EndProject
Project("{9A19103F-16F7-4668-BE54-9A1E7A4F7556}") = "DIP", "DIP\DIP.csproj", "{5A9BA7F2-55EE-4A7E-831A-2CDF4E86D7BE}"
EndProject
Project("{FAE04EC0-301F-11D3-BF4B-00C04F79EFBC}") = "ExercicioEmpresa4", "ExercicioEmpresa1\ExercicioEmpresa4.csproj", "{688F35D6-85D0-4583-A251-B105205DA687}"
EndProject
Project("{9A19103F-16F7-4668-BE54-9A1E7A4F7556}") = "ExercicioEmpresa1", "ExercicioEmpresa3\ExercicioEmpresa1.csproj", "{7AB6A936-A7D0-4DCF-A729-BA45180F5E25}"
EndProject
Project("{FAE04EC0-301F-11D3-BF4B-00C04F79EFBC}") = "Lavanderia", "Lavanderia\Lavanderia.csproj", "{61D92EE8-A9BC-4CD4-9F8D-132A20AC5A3F}"
EndProject
Project("{FAE04EC0-301F-11D3-BF4B-00C04F79EFBC}") = "ExercicioAnimal", "ExercicioAnimal\ExercicioAnimal.csproj", "{90110586-3C2D-47A7-B11F-323982341F1C}"
EndProject
Global
	GlobalSection(SolutionConfigurationPlatforms) = preSolution
		Debug|Any CPU = Debug|Any CPU
		Release|Any CPU = Release|Any CPU
	EndGlobalSection
	GlobalSection(ProjectConfigurationPlatforms) = postSolution
		{2F85369D-457A-412B-8EDA-C7CF228C48A4}.Debug|Any CPU.ActiveCfg = Debug|Any CPU
		{2F85369D-457A-412B-8EDA-C7CF228C48A4}.Debug|Any CPU.Build.0 = Debug|Any CPU
		{2F85369D-457A-412B-8EDA-C7CF228C48A4}.Release|Any CPU.ActiveCfg = Release|Any CPU
		{2F85369D-457A-412B-8EDA-C7CF228C48A4}.Release|Any CPU.Build.0 = Release|Any CPU
		{6856857C-39B7-4C60-8FFA-9B87DDEEE962}.Debug|Any CPU.ActiveCfg = Debug|Any CPU
		{6856857C-39B7-4C60-8FFA-9B87DDEEE962}.Debug|Any CPU.Build.0 = Debug|Any CPU
		{6856857C-39B7-4C60-8FFA-9B87DDEEE962}.Release|Any CPU.ActiveCfg = Release|Any CPU
		{6856857C-39B7-4C60-8FFA-9B87DDEEE962}.Release|Any CPU.Build.0 = Release|Any CPU
		{117DF7D6-064F-470B-AD59-C761CD66957C}.Debug|Any CPU.ActiveCfg = Debug|Any CPU
		{117DF7D6-064F-470B-AD59-C761CD66957C}.Debug|Any CPU.Build.0 = Debug|Any CPU
		{117DF7D6-064F-470B-AD59-C761CD66957C}.Release|Any CPU.ActiveCfg = Release|Any CPU
		{117DF7D6-064F-470B-AD59-C761CD66957C}.Release|Any CPU.Build.0 = Release|Any CPU
		{0BFA90A5-6CE9-4DC6-A50B-061D0BA09FAF}.Debug|Any CPU.ActiveCfg = Debug|Any CPU
		{0BFA90A5-6CE9-4DC6-A50B-061D0BA09FAF}.Debug|Any CPU.Build.0 = Debug|Any CPU
		{0BFA90A5-6CE9-4DC6-A50B-061D0BA09FAF}.Release|Any CPU.ActiveCfg = Release|Any CPU
		{0BFA90A5-6CE9-4DC6-A50B-061D0BA09FAF}.Release|Any CPU.Build.0 = Release|Any CPU
		{128457C3-BDB5-4D84-8AC1-4A6D7B5EEA5E}.Debug|Any CPU.ActiveCfg = Debug|Any CPU
		{128457C3-BDB5-4D84-8AC1-4A6D7B5EEA5E}.Debug|Any CPU.Build.0 = Debug|Any CPU
		{128457C3-BDB5-4D84-8AC1-4A6D7B5EEA5E}.Release|Any CPU.ActiveCfg = Release|Any CPU
		{128457C3-BDB5-4D84-8AC1-4A6D7B5EEA5E}.Release|Any CPU.Build.0 = Release|Any CPU
		{2F9DDC52-B605-4901-8E1B-530ABCFEB0AA}.Debug|Any CPU.ActiveCfg = Debug|Any CPU
		{2F9DDC52-B605-4901-8E1B-530ABCFEB0AA}.Debug|Any CPU.Build.0 = Debug|Any CPU
		{2F9DDC52-B605-4901-8E1B-530ABCFEB0AA}.Release|Any CPU.ActiveCfg = Release|Any CPU
		{2F9DDC52-B605-4901-8E1B-530ABCFEB0AA}.Release|Any CPU.Build.0 = Release|Any CPU
		{3424D94A-9CE8-478B-88B8-252ACD0C1664}.Debug|Any CPU.ActiveCfg = Debug|Any CPU
		{3424D94A-9CE8-478B-88B8-252ACD0C1664}.Debug|Any CPU.Build.0 = Debug|Any CPU
		{3424D94A-9CE8-478B-88B8-252ACD0C1664}.Release|Any CPU.ActiveCfg = Release|Any CPU
		{3424D94A-9CE8-478B-88B8-252ACD0C1664}.Release|Any CPU.Build.0 = Release|Any CPU
		{A402DCB5-2B44-4770-92C4-CE4A13854B49}.Debug|Any CPU.ActiveCfg = Debug|Any CPU
		{A402DCB5-2B44-4770-92C4-CE4A13854B49}.Debug|Any CPU.Build.0 = Debug|Any CPU
		{A402DCB5-2B44-4770-92C4-CE4A13854B49}.Release|Any CPU.ActiveCfg = Release|Any CPU
		{A402DCB5-2B44-4770-92C4-CE4A13854B49}.Release|Any CPU.Build.0 = Release|Any CPU
		{78EBE7BD-9832-4FEB-B198-297357AFA52A}.Debug|Any CPU.ActiveCfg = Debug|Any CPU
		{78EBE7BD-9832-4FEB-B198-297357AFA52A}.Debug|Any CPU.Build.0 = Debug|Any CPU
		{78EBE7BD-9832-4FEB-B198-297357AFA52A}.Release|Any CPU.ActiveCfg = Release|Any CPU
		{78EBE7BD-9832-4FEB-B198-297357AFA52A}.Release|Any CPU.Build.0 = Release|Any CPU
		{86E904DB-35F1-4854-9581-C6841C687DEF}.Debug|Any CPU.ActiveCfg = Debug|Any CPU
		{86E904DB-35F1-4854-9581-C6841C687DEF}.Debug|Any CPU.Build.0 = Debug|Any CPU
		{86E904DB-35F1-4854-9581-C6841C687DEF}.Release|Any CPU.ActiveCfg = Release|Any CPU
		{86E904DB-35F1-4854-9581-C6841C687DEF}.Release|Any CPU.Build.0 = Release|Any CPU
		{BE8D8338-A4C8-4DE0-B06F-138395ED0FB2}.Debug|Any CPU.ActiveCfg = Debug|Any CPU
		{BE8D8338-A4C8-4DE0-B06F-138395ED0FB2}.Debug|Any CPU.Build.0 = Debug|Any CPU
		{BE8D8338-A4C8-4DE0-B06F-138395ED0FB2}.Release|Any CPU.ActiveCfg = Release|Any CPU
		{BE8D8338-A4C8-4DE0-B06F-138395ED0FB2}.Release|Any CPU.Build.0 = Release|Any CPU
		{BBCFE91D-2E5A-46D0-8B92-4A7ACBD8EC45}.Debug|Any CPU.ActiveCfg = Debug|Any CPU
		{BBCFE91D-2E5A-46D0-8B92-4A7ACBD8EC45}.Debug|Any CPU.Build.0 = Debug|Any CPU
		{BBCFE91D-2E5A-46D0-8B92-4A7ACBD8EC45}.Release|Any CPU.ActiveCfg = Release|Any CPU
		{BBCFE91D-2E5A-46D0-8B92-4A7ACBD8EC45}.Release|Any CPU.Build.0 = Release|Any CPU
		{D1FBDC47-A654-4C2F-B96B-41B4217501CC}.Debug|Any CPU.ActiveCfg = Debug|Any CPU
		{D1FBDC47-A654-4C2F-B96B-41B4217501CC}.Debug|Any CPU.Build.0 = Debug|Any CPU
		{D1FBDC47-A654-4C2F-B96B-41B4217501CC}.Release|Any CPU.ActiveCfg = Release|Any CPU
		{D1FBDC47-A654-4C2F-B96B-41B4217501CC}.Release|Any CPU.Build.0 = Release|Any CPU
		{5A9BA7F2-55EE-4A7E-831A-2CDF4E86D7BE}.Debug|Any CPU.ActiveCfg = Debug|Any CPU
		{5A9BA7F2-55EE-4A7E-831A-2CDF4E86D7BE}.Debug|Any CPU.Build.0 = Debug|Any CPU
		{5A9BA7F2-55EE-4A7E-831A-2CDF4E86D7BE}.Release|Any CPU.ActiveCfg = Release|Any CPU
		{5A9BA7F2-55EE-4A7E-831A-2CDF4E86D7BE}.Release|Any CPU.Build.0 = Release|Any CPU
		{688F35D6-85D0-4583-A251-B105205DA687}.Debug|Any CPU.ActiveCfg = Debug|Any CPU
		{688F35D6-85D0-4583-A251-B105205DA687}.Debug|Any CPU.Build.0 = Debug|Any CPU
		{688F35D6-85D0-4583-A251-B105205DA687}.Release|Any CPU.ActiveCfg = Release|Any CPU
		{688F35D6-85D0-4583-A251-B105205DA687}.Release|Any CPU.Build.0 = Release|Any CPU
		{7AB6A936-A7D0-4DCF-A729-BA45180F5E25}.Debug|Any CPU.ActiveCfg = Debug|Any CPU
		{7AB6A936-A7D0-4DCF-A729-BA45180F5E25}.Debug|Any CPU.Build.0 = Debug|Any CPU
		{7AB6A936-A7D0-4DCF-A729-BA45180F5E25}.Release|Any CPU.ActiveCfg = Release|Any CPU
		{7AB6A936-A7D0-4DCF-A729-BA45180F5E25}.Release|Any CPU.Build.0 = Release|Any CPU
		{61D92EE8-A9BC-4CD4-9F8D-132A20AC5A3F}.Debug|Any CPU.ActiveCfg = Debug|Any CPU
		{61D92EE8-A9BC-4CD4-9F8D-132A20AC5A3F}.Debug|Any CPU.Build.0 = Debug|Any CPU
		{61D92EE8-A9BC-4CD4-9F8D-132A20AC5A3F}.Release|Any CPU.ActiveCfg = Release|Any CPU
		{61D92EE8-A9BC-4CD4-9F8D-132A20AC5A3F}.Release|Any CPU.Build.0 = Release|Any CPU
		{90110586-3C2D-47A7-B11F-323982341F1C}.Debug|Any CPU.ActiveCfg = Debug|Any CPU
		{90110586-3C2D-47A7-B11F-323982341F1C}.Debug|Any CPU.Build.0 = Debug|Any CPU
		{90110586-3C2D-47A7-B11F-323982341F1C}.Release|Any CPU.ActiveCfg = Release|Any CPU
		{90110586-3C2D-47A7-B11F-323982341F1C}.Release|Any CPU.Build.0 = Release|Any CPU
	EndGlobalSection
	GlobalSection(SolutionProperties) = preSolution
		HideSolutionNode = FALSE
	EndGlobalSection
	GlobalSection(ExtensibilityGlobals) = postSolution
		SolutionGuid = {067F178C-A84F-45ED-8F68-4638EF9D03C0}
	EndGlobalSection
EndGlobal
